
Microsoft Visual Studio Solution File, Format Version 12.00
# Visual Studio Version 16
VisualStudioVersion = 16.0.31019.35
MinimumVisualStudioVersion = 10.0.40219.1
Project("{FAE04EC0-301F-11D3-BF4B-00C04F79EFBC}") = "Escuela", "Escuela\Escuela.csproj", "{75569BE8-8ECD-44A3-98B8-69E4659C22C0}"
EndProject
Global
	GlobalSection(SolutionConfigurationPlatforms) = preSolution
		Debug|Any CPU = Debug|Any CPU
		Release|Any CPU = Release|Any CPU
	EndGlobalSection
	GlobalSection(ProjectConfigurationPlatforms) = postSolution
		{75569BE8-8ECD-44A3-98B8-69E4659C22C0}.Debug|Any CPU.ActiveCfg = Debug|Any CPU
		{75569BE8-8ECD-44A3-98B8-69E4659C22C0}.Debug|Any CPU.Build.0 = Debug|Any CPU
		{75569BE8-8ECD-44A3-98B8-69E4659C22C0}.Release|Any CPU.ActiveCfg = Release|Any CPU
		{75569BE8-8ECD-44A3-98B8-69E4659C22C0}.Release|Any CPU.Build.0 = Release|Any CPU
	EndGlobalSection
	GlobalSection(SolutionProperties) = preSolution
		HideSolutionNode = FALSE
	EndGlobalSection
	GlobalSection(ExtensibilityGlobals) = postSolution
		SolutionGuid = {E2F955A3-C424-470F-85D6-5F4CF6CE0F1C}
	EndGlobalSection
EndGlobal
